
Microsoft Visual Studio Solution File, Format Version 12.00
# Visual Studio Version 16
VisualStudioVersion = 16.0.30907.101
MinimumVisualStudioVersion = 10.0.40219.1
Project("{9A19103F-16F7-4668-BE54-9A1E7A4F7556}") = "ApiCrudDepartamentosAWS", "ApiCrudDepartamentosAWS\ApiCrudDepartamentosAWS.csproj", "{266F0F98-3E9D-436E-B160-B3C76628E302}"
EndProject
Global
	GlobalSection(SolutionConfigurationPlatforms) = preSolution
		Debug|Any CPU = Debug|Any CPU
		Release|Any CPU = Release|Any CPU
	EndGlobalSection
	GlobalSection(ProjectConfigurationPlatforms) = postSolution
		{266F0F98-3E9D-436E-B160-B3C76628E302}.Debug|Any CPU.ActiveCfg = Debug|Any CPU
		{266F0F98-3E9D-436E-B160-B3C76628E302}.Debug|Any CPU.Build.0 = Debug|Any CPU
		{266F0F98-3E9D-436E-B160-B3C76628E302}.Release|Any CPU.ActiveCfg = Release|Any CPU
		{266F0F98-3E9D-436E-B160-B3C76628E302}.Release|Any CPU.Build.0 = Release|Any CPU
	EndGlobalSection
	GlobalSection(SolutionProperties) = preSolution
		HideSolutionNode = FALSE
	EndGlobalSection
	GlobalSection(ExtensibilityGlobals) = postSolution
		SolutionGuid = {3C803CB6-1171-41D3-AA75-0088B4D22218}
	EndGlobalSection
EndGlobal
